
Microsoft Visual Studio Solution File, Format Version 12.00
# Visual Studio 15
VisualStudioVersion = 15.0.26730.16
MinimumVisualStudioVersion = 10.0.40219.1
Project("{FAE04EC0-301F-11D3-BF4B-00C04F79EFBC}") = "Library", "Library\Library.csproj", "{17CC7121-EC4B-4156-AD99-D0AF72EF1B4B}"
EndProject
Project("{FAE04EC0-301F-11D3-BF4B-00C04F79EFBC}") = "Library.Tests", "Library.Tests\Library.Tests.csproj", "{02D0D26D-1B52-4EE9-8BC9-47D7E11DFD4C}"
EndProject
Global
	GlobalSection(SolutionConfigurationPlatforms) = preSolution
		Debug|Any CPU = Debug|Any CPU
		Release|Any CPU = Release|Any CPU
	EndGlobalSection
	GlobalSection(ProjectConfigurationPlatforms) = postSolution
		{17CC7121-EC4B-4156-AD99-D0AF72EF1B4B}.Debug|Any CPU.ActiveCfg = Debug|Any CPU
		{17CC7121-EC4B-4156-AD99-D0AF72EF1B4B}.Debug|Any CPU.Build.0 = Debug|Any CPU
		{17CC7121-EC4B-4156-AD99-D0AF72EF1B4B}.Release|Any CPU.ActiveCfg = Release|Any CPU
		{17CC7121-EC4B-4156-AD99-D0AF72EF1B4B}.Release|Any CPU.Build.0 = Release|Any CPU
		{02D0D26D-1B52-4EE9-8BC9-47D7E11DFD4C}.Debug|Any CPU.ActiveCfg = Debug|Any CPU
		{02D0D26D-1B52-4EE9-8BC9-47D7E11DFD4C}.Debug|Any CPU.Build.0 = Debug|Any CPU
		{02D0D26D-1B52-4EE9-8BC9-47D7E11DFD4C}.Release|Any CPU.ActiveCfg = Release|Any CPU
		{02D0D26D-1B52-4EE9-8BC9-47D7E11DFD4C}.Release|Any CPU.Build.0 = Release|Any CPU
	EndGlobalSection
	GlobalSection(SolutionProperties) = preSolution
		HideSolutionNode = FALSE
	EndGlobalSection
	GlobalSection(ExtensibilityGlobals) = postSolution
		SolutionGuid = {6993EBEE-D2AE-43EB-B993-13FE32DB91C6}
	EndGlobalSection
EndGlobal
